
Microsoft Visual Studio Solution File, Format Version 12.00
# Visual Studio Version 17
VisualStudioVersion = 17.8.34525.116
MinimumVisualStudioVersion = 10.0.40219.1
Project("{FAE04EC0-301F-11D3-BF4B-00C04F79EFBC}") = "GoogleMapsApi", "GoogleMapsApi.csproj", "{6E7AF5EC-9485-4560-9167-7DB71EA43693}"
EndProject
Global
	GlobalSection(SolutionConfigurationPlatforms) = preSolution
		Debug|Any CPU = Debug|Any CPU
		Release|Any CPU = Release|Any CPU
	EndGlobalSection
	GlobalSection(ProjectConfigurationPlatforms) = postSolution
		{6E7AF5EC-9485-4560-9167-7DB71EA43693}.Debug|Any CPU.ActiveCfg = Debug|Any CPU
		{6E7AF5EC-9485-4560-9167-7DB71EA43693}.Debug|Any CPU.Build.0 = Debug|Any CPU
		{6E7AF5EC-9485-4560-9167-7DB71EA43693}.Release|Any CPU.ActiveCfg = Release|Any CPU
		{6E7AF5EC-9485-4560-9167-7DB71EA43693}.Release|Any CPU.Build.0 = Release|Any CPU
	EndGlobalSection
	GlobalSection(SolutionProperties) = preSolution
		HideSolutionNode = FALSE
	EndGlobalSection
	GlobalSection(ExtensibilityGlobals) = postSolution
		SolutionGuid = {C081909B-F603-4BCE-81CA-F4915C3FE8DA}
	EndGlobalSection
EndGlobal
